// !$*UTF8*$!
{
	archiveVersion = 1;
	classes = {
	};
	objectVersion = 46;
	objects = {

/* Begin PBXBuildFile section */
		F2A644921D7ECB4B004D083F /* main.m in Sources */ = {isa = PBXBuildFile; fileRef = F2A644911D7ECB4B004D083F /* main.m */; };
		F2A644951D7ECB4B004D083F /* AppDelegate.m in Sources */ = {isa = PBXBuildFile; fileRef = F2A644941D7ECB4B004D083F /* AppDelegate.m */; };
		F2A644981D7ECB4B004D083F /* ViewController.m in Sources */ = {isa = PBXBuildFile; fileRef = F2A644971D7ECB4B004D083F /* ViewController.m */; };
		F2A6449B1D7ECB4B004D083F /* Main.storyboard in Resources */ = {isa = PBXBuildFile; fileRef = F2A644991D7ECB4B004D083F /* Main.storyboard */; };
		F2A6449D1D7ECB4B004D083F /* Assets.xcassets in Resources */ = {isa = PBXBuildFile; fileRef = F2A6449C1D7ECB4B004D083F /* Assets.xcassets */; };
		F2A644A01D7ECB4B004D083F /* LaunchScreen.storyboard in Resources */ = {isa = PBXBuildFile; fileRef = F2A6449E1D7ECB4B004D083F /* LaunchScreen.storyboard */; };
		F2A644AB1D7ECB4C004D083F /* MapTests.m in Sources */ = {isa = PBXBuildFile; fileRef = F2A644AA1D7ECB4C004D083F /* MapTests.m */; };
		F2A644B61D7ECB4C004D083F /* MapUITests.m in Sources */ = {isa = PBXBuildFile; fileRef = F2A644B51D7ECB4C004D083F /* MapUITests.m */; };
		F2A644C41D7ECB5B004D083F /* MapKit.framework in Frameworks */ = {isa = PBXBuildFile; fileRef = F2A644C31D7ECB5B004D083F /* MapKit.framework */; };
/* End PBXBuildFile section */

/* Begin PBXContainerItemProxy section */
		F2A644A71D7ECB4B004D083F /* PBXContainerItemProxy */ = {
			isa = PBXContainerItemProxy;
			containerPortal = F2A644851D7ECB4B004D083F /* Project object */;
			proxyType = 1;
			remoteGlobalIDString = F2A6448C1D7ECB4B004D083F;
			remoteInfo = Map;
		};
		F2A644B21D7ECB4C004D083F /* PBXContainerItemProxy */ = {
			isa = PBXContainerItemProxy;
			containerPortal = F2A644851D7ECB4B004D083F /* Project object */;
			proxyType = 1;
			remoteGlobalIDString = F2A6448C1D7ECB4B004D083F;
			remoteInfo = Map;
		};
/* End PBXContainerItemProxy section */

/* Begin PBXFileReference section */
		F2A6448D1D7ECB4B004D083F /* Map.app */ = {isa = PBXFileReference; explicitFileType = wrapper.application; includeInIndex = 0; path = Map.app; sourceTree = BUILT_PRODUCTS_DIR; };
		F2A644911D7ECB4B004D083F /* main.m */ = {isa = PBXFileReference; lastKnownFileType = sourcecode.c.objc; path = main.m; sourceTree = "<group>"; };
		F2A644931D7ECB4B004D083F /* AppDelegate.h */ = {isa = PBXFileReference; lastKnownFileType = sourcecode.c.h; path = AppDelegate.h; sourceTree = "<group>"; };
		F2A644941D7ECB4B004D083F /* AppDelegate.m */ = {isa = PBXFileReference; lastKnownFileType = sourcecode.c.objc; path = AppDelegate.m; sourceTree = "<group>"; };
		F2A644961D7ECB4B004D083F /* ViewController.h */ = {isa = PBXFileReference; lastKnownFileType = sourcecode.c.h; path = ViewController.h; sourceTree = "<group>"; };
		F2A644971D7ECB4B004D083F /* ViewController.m */ = {isa = PBXFileReference; lastKnownFileType = sourcecode.c.objc; path = ViewController.m; sourceTree = "<group>"; };
		F2A6449A1D7ECB4B004D083F /* Base */ = {isa = PBXFileReference; lastKnownFileType = file.storyboard; name = Base; path = Base.lproj/Main.storyboard; sourceTree = "<group>"; };
		F2A6449C1D7ECB4B004D083F /* Assets.xcassets */ = {isa = PBXFileReference; lastKnownFileType = folder.assetcatalog; path = Assets.xcassets; sourceTree = "<group>"; };
		F2A6449F1D7ECB4B004D083F /* Base */ = {isa = PBXFileReference; lastKnownFileType = file.storyboard; name = Base; path = Base.lproj/LaunchScreen.storyboard; sourceTree = "<group>"; };
		F2A644A11D7ECB4B004D083F /* Info.plist */ = {isa = PBXFileReference; lastKnownFileType = text.plist.xml; path = Info.plist; sourceTree = "<group>"; };
		F2A644A61D7ECB4B004D083F /* MapTests.xctest */ = {isa = PBXFileReference; explicitFileType = wrapper.cfbundle; includeInIndex = 0; path = MapTests.xctest; sourceTree = BUILT_PRODUCTS_DIR; };
		F2A644AA1D7ECB4C004D083F /* MapTests.m */ = {isa = PBXFileReference; lastKnownFileType = sourcecode.c.objc; path = MapTests.m; sourceTree = "<group>"; };
		F2A644AC1D7ECB4C004D083F /* Info.plist */ = {isa = PBXFileReference; lastKnownFileType = text.plist.xml; path = Info.plist; sourceTree = "<group>"; };
		F2A644B11D7ECB4C004D083F /* MapUITests.xctest */ = {isa = PBXFileReference; explicitFileType = wrapper.cfbundle; includeInIndex = 0; path = MapUITests.xctest; sourceTree = BUILT_PRODUCTS_DIR; };
		F2A644B51D7ECB4C004D083F /* MapUITests.m */ = {isa = PBXFileReference; lastKnownFileType = sourcecode.c.objc; path = MapUITests.m; sourceTree = "<group>"; };
		F2A644B71D7ECB4C004D083F /* Info.plist */ = {isa = PBXFileReference; lastKnownFileType = text.plist.xml; path = Info.plist; sourceTree = "<group>"; };
		F2A644C31D7ECB5B004D083F /* MapKit.framework */ = {isa = PBXFileReference; lastKnownFileType = wrapper.framework; name = MapKit.framework; path = System/Library/Frameworks/MapKit.framework; sourceTree = SDKROOT; };
/* End PBXFileReference section */

/* Begin PBXFrameworksBuildPhase section */
		F2A6448A1D7ECB4B004D083F /* Frameworks */ = {
			isa = PBXFrameworksBuildPhase;
			buildActionMask = 2147483647;
			files = (
				F2A644C41D7ECB5B004D083F /* MapKit.framework in Frameworks */,
			);
			runOnlyForDeploymentPostprocessing = 0;
		};
		F2A644A31D7ECB4B004D083F /* Frameworks */ = {
			isa = PBXFrameworksBuildPhase;
			buildActionMask = 2147483647;
			files = (
			);
			runOnlyForDeploymentPostprocessing = 0;
		};
		F2A644AE1D7ECB4C004D083F /* Frameworks */ = {
			isa = PBXFrameworksBuildPhase;
			buildActionMask = 2147483647;
			files = (
			);
			runOnlyForDeploymentPostprocessing = 0;
		};
/* End PBXFrameworksBuildPhase section */

/* Begin PBXGroup section */
		F2A644841D7ECB4B004D083F = {
			isa = PBXGroup;
			children = (
				F2A644C31D7ECB5B004D083F /* MapKit.framework */,
				F2A6448F1D7ECB4B004D083F /* Map */,
				F2A644A91D7ECB4B004D083F /* MapTests */,
				F2A644B41D7ECB4C004D083F /* MapUITests */,
				F2A6448E1D7ECB4B004D083F /* Products */,
			);
			sourceTree = "<group>";
		};
		F2A6448E1D7ECB4B004D083F /* Products */ = {
			isa = PBXGroup;
			children = (
				F2A6448D1D7ECB4B004D083F /* Map.app */,
				F2A644A61D7ECB4B004D083F /* MapTests.xctest */,
				F2A644B11D7ECB4C004D083F /* MapUITests.xctest */,
			);
			name = Products;
			sourceTree = "<group>";
		};
		F2A6448F1D7ECB4B004D083F /* Map */ = {
			isa = PBXGroup;
			children = (
				F2A644931D7ECB4B004D083F /* AppDelegate.h */,
				F2A644941D7ECB4B004D083F /* AppDelegate.m */,
				F2A644961D7ECB4B004D083F /* ViewController.h */,
				F2A644971D7ECB4B004D083F /* ViewController.m */,
				F2A644991D7ECB4B004D083F /* Main.storyboard */,
				F2A6449C1D7ECB4B004D083F /* Assets.xcassets */,
				F2A6449E1D7ECB4B004D083F /* LaunchScreen.storyboard */,
				F2A644A11D7ECB4B004D083F /* Info.plist */,
				F2A644901D7ECB4B004D083F /* Supporting Files */,
			);
			path = Map;
			sourceTree = "<group>";
		};
		F2A644901D7ECB4B004D083F /* Supporting Files */ = {
			isa = PBXGroup;
			children = (
				F2A644911D7ECB4B004D083F /* main.m */,
			);
			name = "Supporting Files";
			sourceTree = "<group>";
		};
		F2A644A91D7ECB4B004D083F /* MapTests */ = {
			isa = PBXGroup;
			children = (
				F2A644AA1D7ECB4C004D083F /* MapTests.m */,
				F2A644AC1D7ECB4C004D083F /* Info.plist */,
			);
			path = MapTests;
			sourceTree = "<group>";
		};
		F2A644B41D7ECB4C004D083F /* MapUITests */ = {
			isa = PBXGroup;
			children = (
				F2A644B51D7ECB4C004D083F /* MapUITests.m */,
				F2A644B71D7ECB4C004D083F /* Info.plist */,
			);
			path = MapUITests;
			sourceTree = "<group>";
		};
/* End PBXGroup section */

/* Begin PBXNativeTarget section */
		F2A6448C1D7ECB4B004D083F /* Map */ = {
			isa = PBXNativeTarget;
			buildConfigurationList = F2A644BA1D7ECB4C004D083F /* Build configuration list for PBXNativeTarget "Map" */;
			buildPhases = (
				F2A644891D7ECB4B004D083F /* Sources */,
				F2A6448A1D7ECB4B004D083F /* Frameworks */,
				F2A6448B1D7ECB4B004D083F /* Resources */,
			);
			buildRules = (
			);
			dependencies = (
			);
			name = Map;
			productName = Map;
			productReference = F2A6448D1D7ECB4B004D083F /* Map.app */;
			productType = "com.apple.product-type.application";
		};
		F2A644A51D7ECB4B004D083F /* MapTests */ = {
			isa = PBXNativeTarget;
			buildConfigurationList = F2A644BD1D7ECB4C004D083F /* Build configuration list for PBXNativeTarget "MapTests" */;
			buildPhases = (
				F2A644A21D7ECB4B004D083F /* Sources */,
				F2A644A31D7ECB4B004D083F /* Frameworks */,
				F2A644A41D7ECB4B004D083F /* Resources */,
			);
			buildRules = (
			);
			dependencies = (
				F2A644A81D7ECB4B004D083F /* PBXTargetDependency */,
			);
			name = MapTests;
			productName = MapTests;
			productReference = F2A644A61D7ECB4B004D083F /* MapTests.xctest */;
			productType = "com.apple.product-type.bundle.unit-test";
		};
		F2A644B01D7ECB4C004D083F /* MapUITests */ = {
			isa = PBXNativeTarget;
			buildConfigurationList = F2A644C01D7ECB4C004D083F /* Build configuration list for PBXNativeTarget "MapUITests" */;
			buildPhases = (
				F2A644AD1D7ECB4C004D083F /* Sources */,
				F2A644AE1D7ECB4C004D083F /* Frameworks */,
				F2A644AF1D7ECB4C004D083F /* Resources */,
			);
			buildRules = (
			);
			dependencies = (
				F2A644B31D7ECB4C004D083F /* PBXTargetDependency */,
			);
			name = MapUITests;
			productName = MapUITests;
			productReference = F2A644B11D7ECB4C004D083F /* MapUITests.xctest */;
			productType = "com.apple.product-type.bundle.ui-testing";
		};
/* End PBXNativeTarget section */

/* Begin PBXProject section */
		F2A644851D7ECB4B004D083F /* Project object */ = {
			isa = PBXProject;
			attributes = {
				LastUpgradeCheck = 0730;
				ORGANIZATIONNAME = "Student-001";
				TargetAttributes = {
					F2A6448C1D7ECB4B004D083F = {
						CreatedOnToolsVersion = 7.3;
					};
					F2A644A51D7ECB4B004D083F = {
						CreatedOnToolsVersion = 7.3;
						TestTargetID = F2A6448C1D7ECB4B004D083F;
					};
					F2A644B01D7ECB4C004D083F = {
						CreatedOnToolsVersion = 7.3;
						TestTargetID = F2A6448C1D7ECB4B004D083F;
					};
				};
			};
			buildConfigurationList = F2A644881D7ECB4B004D083F /* Build configuration list for PBXProject "Map" */;
			compatibilityVersion = "Xcode 3.2";
			developmentRegion = English;
			hasScannedForEncodings = 0;
			knownRegions = (
				en,
				Base,
			);
			mainGroup = F2A644841D7ECB4B004D083F;
			productRefGroup = F2A6448E1D7ECB4B004D083F /* Products */;
			projectDirPath = "";
			projectRoot = "";
			targets = (
				F2A6448C1D7ECB4B004D083F /* Map */,
				F2A644A51D7ECB4B004D083F /* MapTests */,
				F2A644B01D7ECB4C004D083F /* MapUITests */,
			);
		};
/* End PBXProject section */

/* Begin PBXResourcesBuildPhase section */
		F2A6448B1D7ECB4B004D083F /* Resources */ = {
			isa = PBXResourcesBuildPhase;
			buildActionMask = 2147483647;
			files = (
				F2A644A01D7ECB4B004D083F /* LaunchScreen.storyboard in Resources */,
				F2A6449D1D7ECB4B004D083F /* Assets.xcassets in Resources */,
				F2A6449B1D7ECB4B004D083F /* Main.storyboard in Resources */,
			);
			runOnlyForDeploymentPostprocessing = 0;
		};
		F2A644A41D7ECB4B004D083F /* Resources */ = {
			isa = PBXResourcesBuildPhase;
			buildActionMask = 2147483647;
			files = (
			);
			runOnlyForDeploymentPostprocessing = 0;
		};
		F2A644AF1D7ECB4C004D083F /* Resources */ = {
			isa = PBXResourcesBuildPhase;
			buildActionMask = 2147483647;
			files = (
			);
			runOnlyForDeploymentPostprocessing = 0;
		};
/* End PBXResourcesBuildPhase section */

/* Begin PBXSourcesBuildPhase section */
		F2A644891D7ECB4B004D083F /* Sources */ = {
			isa = PBXSourcesBuildPhase;
			buildActionMask = 2147483647;
			files = (
				F2A644981D7ECB4B004D083F /* ViewController.m in Sources */,
				F2A644951D7ECB4B004D083F /* AppDelegate.m in Sources */,
				F2A644921D7ECB4B004D083F /* main.m in Sources */,
			);
			runOnlyForDeploymentPostprocessing = 0;
		};
		F2A644A21D7ECB4B004D083F /* Sources */ = {
			isa = PBXSourcesBuildPhase;
			buildActionMask = 2147483647;
			files = (
				F2A644AB1D7ECB4C004D083F /* MapTests.m in Sources */,
			);
			runOnlyForDeploymentPostprocessing = 0;
		};
		F2A644AD1D7ECB4C004D083F /* Sources */ = {
			isa = PBXSourcesBuildPhase;
			buildActionMask = 2147483647;
			files = (
				F2A644B61D7ECB4C004D083F /* MapUITests.m in Sources */,
			);
			runOnlyForDeploymentPostprocessing = 0;
		};
/* End PBXSourcesBuildPhase section */

/* Begin PBXTargetDependency section */
		F2A644A81D7ECB4B004D083F /* PBXTargetDependency */ = {
			isa = PBXTargetDependency;
			target = F2A6448C1D7ECB4B004D083F /* Map */;
			targetProxy = F2A644A71D7ECB4B004D083F /* PBXContainerItemProxy */;
		};
		F2A644B31D7ECB4C004D083F /* PBXTargetDependency */ = {
			isa = PBXTargetDependency;
			target = F2A6448C1D7ECB4B004D083F /* Map */;
			targetProxy = F2A644B21D7ECB4C004D083F /* PBXContainerItemProxy */;
		};
/* End PBXTargetDependency section */

/* Begin PBXVariantGroup section */
		F2A644991D7ECB4B004D083F /* Main.storyboard */ = {
			isa = PBXVariantGroup;
			children = (
				F2A6449A1D7ECB4B004D083F /* Base */,
			);
			name = Main.storyboard;
			sourceTree = "<group>";
		};
		F2A6449E1D7ECB4B004D083F /* LaunchScreen.storyboard */ = {
			isa = PBXVariantGroup;
			children = (
				F2A6449F1D7ECB4B004D083F /* Base */,
			);
			name = LaunchScreen.storyboard;
			sourceTree = "<group>";
		};
/* End PBXVariantGroup section */

/* Begin XCBuildConfiguration section */
		F2A644B81D7ECB4C004D083F /* Debug */ = {
			isa = XCBuildConfiguration;
			buildSettings = {
				ALWAYS_SEARCH_USER_PATHS = NO;
				CLANG_ANALYZER_NONNULL = YES;
				CLANG_CXX_LANGUAGE_STANDARD = "gnu++0x";
				CLANG_CXX_LIBRARY = "libc++";
				CLANG_ENABLE_MODULES = YES;
				CLANG_ENABLE_OBJC_ARC = YES;
				CLANG_WARN_BOOL_CONVERSION = YES;
				CLANG_WARN_CONSTANT_CONVERSION = YES;
				CLANG_WARN_DIRECT_OBJC_ISA_USAGE = YES_ERROR;
				CLANG_WARN_EMPTY_BODY = YES;
				CLANG_WARN_ENUM_CONVERSION = YES;
				CLANG_WARN_INT_CONVERSION = YES;
				CLANG_WARN_OBJC_ROOT_CLASS = YES_ERROR;
				CLANG_WARN_UNREACHABLE_CODE = YES;
				CLANG_WARN__DUPLICATE_METHOD_MATCH = YES;
				"CODE_SIGN_IDENTITY[sdk=iphoneos*]" = "iPhone Developer";
				COPY_PHASE_STRIP = NO;
				DEBUG_INFORMATION_FORMAT = dwarf;
				ENABLE_STRICT_OBJC_MSGSEND = YES;
				ENABLE_TESTABILITY = YES;
				GCC_C_LANGUAGE_STANDARD = gnu99;
				GCC_DYNAMIC_NO_PIC = NO;
				GCC_NO_COMMON_BLOCKS = YES;
				GCC_OPTIMIZATION_LEVEL = 0;
				GCC_PREPROCESSOR_DEFINITIONS = (
					"DEBUG=1",
					"$(inherited)",
				);
				GCC_WARN_64_TO_32_BIT_CONVERSION = YES;
				GCC_WARN_ABOUT_RETURN_TYPE = YES_ERROR;
				GCC_WARN_UNDECLARED_SELECTOR = YES;
				GCC_WARN_UNINITIALIZED_AUTOS = YES_AGGRESSIVE;
				GCC_WARN_UNUSED_FUNCTION = YES;
				GCC_WARN_UNUSED_VARIABLE = YES;
				IPHONEOS_DEPLOYMENT_TARGET = 9.3;
				MTL_ENABLE_DEBUG_INFO = YES;
				ONLY_ACTIVE_ARCH = YES;
				SDKROOT = iphoneos;
				TARGETED_DEVICE_FAMILY = "1,2";
			};
			name = Debug;
		};
		F2A644B91D7ECB4C004D083F /* Release */ = {
			isa = XCBuildConfiguration;
			buildSettings = {
				ALWAYS_SEARCH_USER_PATHS = NO;
				CLANG_ANALYZER_NONNULL = YES;
				CLANG_CXX_LANGUAGE_STANDARD = "gnu++0x";
				CLANG_CXX_LIBRARY = "libc++";
				CLANG_ENABLE_MODULES = YES;
				CLANG_ENABLE_OBJC_ARC = YES;
				CLANG_WARN_BOOL_CONVERSION = YES;
				CLANG_WARN_CONSTANT_CONVERSION = YES;
				CLANG_WARN_DIRECT_OBJC_ISA_USAGE = YES_ERROR;
				CLANG_WARN_EMPTY_BODY = YES;
				CLANG_WARN_ENUM_CONVERSION = YES;
				CLANG_WARN_INT_CONVERSION = YES;
				CLANG_WARN_OBJC_ROOT_CLASS = YES_ERROR;
				CLANG_WARN_UNREACHABLE_CODE = YES;
				CLANG_WARN__DUPLICATE_METHOD_MATCH = YES;
				"CODE_SIGN_IDENTITY[sdk=iphoneos*]" = "iPhone Developer";
				COPY_PHASE_STRIP = NO;
				DEBUG_INFORMATION_FORMAT = "dwarf-with-dsym";
				ENABLE_NS_ASSERTIONS = NO;
				ENABLE_STRICT_OBJC_MSGSEND = YES;
				GCC_C_LANGUAGE_STANDARD = gnu99;
				GCC_NO_COMMON_BLOCKS = YES;
				GCC_WARN_64_TO_32_BIT_CONVERSION = YES;
				GCC_WARN_ABOUT_RETURN_TYPE = YES_ERROR;
				GCC_WARN_UNDECLARED_SELECTOR = YES;
				GCC_WARN_UNINITIALIZED_AUTOS = YES_AGGRESSIVE;
				GCC_WARN_UNUSED_FUNCTION = YES;
				GCC_WARN_UNUSED_VARIABLE = YES;
				IPHONEOS_DEPLOYMENT_TARGET = 9.3;
				MTL_ENABLE_DEBUG_INFO = NO;
				SDKROOT = iphoneos;
				TARGETED_DEVICE_FAMILY = "1,2";
				VALIDATE_PRODUCT = YES;
			};
			name = Release;
		};
		F2A644BB1D7ECB4C004D083F /* Debug */ = {
			isa = XCBuildConfiguration;
			buildSettings = {
				ASSETCATALOG_COMPILER_APPICON_NAME = AppIcon;
				INFOPLIST_FILE = Map/Info.plist;
				LD_RUNPATH_SEARCH_PATHS = "$(inherited) @executable_path/Frameworks";
				PRODUCT_BUNDLE_IDENTIFIER = akki.Map;
				PRODUCT_NAME = "$(TARGET_NAME)";
			};
			name = Debug;
		};
		F2A644BC1D7ECB4C004D083F /* Release */ = {
			isa = XCBuildConfiguration;
			buildSettings = {
				ASSETCATALOG_COMPILER_APPICON_NAME = AppIcon;
				INFOPLIST_FILE = Map/Info.plist;
				LD_RUNPATH_SEARCH_PATHS = "$(inherited) @executable_path/Frameworks";
				PRODUCT_BUNDLE_IDENTIFIER = akki.Map;
				PRODUCT_NAME = "$(TARGET_NAME)";
			};
			name = Release;
		};
		F2A644BE1D7ECB4C004D083F /* Debug */ = {
			isa = XCBuildConfiguration;
			buildSettings = {
				BUNDLE_LOADER = "$(TEST_HOST)";
				INFOPLIST_FILE = MapTests/Info.plist;
				LD_RUNPATH_SEARCH_PATHS = "$(inherited) @executable_path/Frameworks @loader_path/Frameworks";
				PRODUCT_BUNDLE_IDENTIFIER = akki.MapTests;
				PRODUCT_NAME = "$(TARGET_NAME)";
				TEST_HOST = "$(BUILT_PRODUCTS_DIR)/Map.app/Map";
			};
			name = Debug;
		};
		F2A644BF1D7ECB4C004D083F /* Release */ = {
			isa = XCBuildConfiguration;
			buildSettings = {
				BUNDLE_LOADER = "$(TEST_HOST)";
				INFOPLIST_FILE = MapTests/Info.plist;
				LD_RUNPATH_SEARCH_PATHS = "$(inherited) @executable_path/Frameworks @loader_path/Frameworks";
				PRODUCT_BUNDLE_IDENTIFIER = akki.MapTests;
				PRODUCT_NAME = "$(TARGET_NAME)";
				TEST_HOST = "$(BUILT_PRODUCTS_DIR)/Map.app/Map";
			};
			name = Release;
		};
		F2A644C11D7ECB4C004D083F /* Debug */ = {
			isa = XCBuildConfiguration;
			buildSettings = {
				INFOPLIST_FILE = MapUITests/Info.plist;
				LD_RUNPATH_SEARCH_PATHS = "$(inherited) @executable_path/Frameworks @loader_path/Frameworks";
				PRODUCT_BUNDLE_IDENTIFIER = akki.MapUITests;
				PRODUCT_NAME = "$(TARGET_NAME)";
				TEST_TARGET_NAME = Map;
			};
			name = Debug;
		};
		F2A644C21D7ECB4C004D083F /* Release */ = {
			isa = XCBuildConfiguration;
			buildSettings = {
				INFOPLIST_FILE = MapUITests/Info.plist;
				LD_RUNPATH_SEARCH_PATHS = "$(inherited) @executable_path/Frameworks @loader_path/Frameworks";
				PRODUCT_BUNDLE_IDENTIFIER = akki.MapUITests;
				PRODUCT_NAME = "$(TARGET_NAME)";
				TEST_TARGET_NAME = Map;
			};
			name = Release;
		};
/* End XCBuildConfiguration section */

/* Begin XCConfigurationList section */
		F2A644881D7ECB4B004D083F /* Build configuration list for PBXProject "Map" */ = {
			isa = XCConfigurationList;
			buildConfigurations = (
				F2A644B81D7ECB4C004D083F /* Debug */,
				F2A644B91D7ECB4C004D083F /* Release */,
			);
			defaultConfigurationIsVisible = 0;
			defaultConfigurationName = Release;
		};
		F2A644BA1D7ECB4C004D083F /* Build configuration list for PBXNativeTarget "Map" */ = {
			isa = XCConfigurationList;
			buildConfigurations = (
				F2A644BB1D7ECB4C004D083F /* Debug */,
				F2A644BC1D7ECB4C004D083F /* Release */,
			);
			defaultConfigurationIsVisible = 0;
		};
		F2A644BD1D7ECB4C004D083F /* Build configuration list for PBXNativeTarget "MapTests" */ = {
			isa = XCConfigurationList;
			buildConfigurations = (
				F2A644BE1D7ECB4C004D083F /* Debug */,
				F2A644BF1D7ECB4C004D083F /* Release */,
			);
			defaultConfigurationIsVisible = 0;
		};
		F2A644C01D7ECB4C004D083F /* Build configuration list for PBXNativeTarget "MapUITests" */ = {
			isa = XCConfigurationList;
			buildConfigurations = (
				F2A644C11D7ECB4C004D083F /* Debug */,
				F2A644C21D7ECB4C004D083F /* Release */,
			);
			defaultConfigurationIsVisible = 0;
		};
/* End XCConfigurationList section */
	};
	rootObject = F2A644851D7ECB4B004D083F /* Project object */;
}
